{
  "name": "dogtag-pki",
  "version": "10.10.0",
  "lockfileVersion": 3,
  "requires": true,
  "packages": {
    "": {
      "name": "dogtag-pki",
      "version": "10.10.0",
      "license": "GPL-2.0-or-later OR LGPL-2.0-or-later",
      "dependencies": {
        "@patternfly/patternfly": "^4.35.2",
        "jquery": "^3.5.1"
      }
    },
    "node_modules/@patternfly/patternfly": {
      "version": "4.35.2",
      "resolved": "https://registry.npmjs.org/@patternfly/patternfly/-/patternfly-4.35.2.tgz",
      "integrity": "sha512-gOebIesqY28/ngVz0k/k0szca247002x+x+GBfCNgbnOXoiEfqYViI5C7YuHB8iNVuvf/YwBdfj65k/h6FMB3w==",
      "engines": {
        "node": ">=8.0.0",
        "npm": ">=5.0.0"
      }
    },
    "node_modules/jquery": {
      "version": "3.7.1",
      "resolved": "https://registry.npmjs.org/jquery/-/jquery-3.7.1.tgz",
      "integrity": "sha512-m4avr8yL8kmFN8psrbFFFmB/If14iN5o9nw/NgnnM+kybDJpRsAynV2BsfpTYrTRysYUdADVD7CkUUizgkpLfg==",
      "license": "MIT"
    }
  }
}
